// !$*UTF8*$!
{
	archiveVersion = 1;
	classes = {
	};
	objectVersion = 46;
	objects = {

/* Begin PBXBuildFile section */
		35C103291A9BB8620020161B /* main.m in Sources */ = {isa = PBXBuildFile; fileRef = 35C103281A9BB8620020161B /* main.m */; };
		35C1032C1A9BB8620020161B /* AppDelegate.m in Sources */ = {isa = PBXBuildFile; fileRef = 35C1032B1A9BB8620020161B /* AppDelegate.m */; };
		35C1032F1A9BB8620020161B /* ViewController.m in Sources */ = {isa = PBXBuildFile; fileRef = 35C1032E1A9BB8620020161B /* ViewController.m */; };
		35C103321A9BB8620020161B /* Main.storyboard in Resources */ = {isa = PBXBuildFile; fileRef = 35C103301A9BB8620020161B /* Main.storyboard */; };
		35C103341A9BB8620020161B /* Images.xcassets in Resources */ = {isa = PBXBuildFile; fileRef = 35C103331A9BB8620020161B /* Images.xcassets */; };
		35C103371A9BB8620020161B /* LaunchScreen.xib in Resources */ = {isa = PBXBuildFile; fileRef = 35C103351A9BB8620020161B /* LaunchScreen.xib */; };
		35C103431A9BB8620020161B /* GCLibraryTests.m in Sources */ = {isa = PBXBuildFile; fileRef = 35C103421A9BB8620020161B /* GCLibraryTests.m */; };
/* End PBXBuildFile section */

/* Begin PBXContainerItemProxy section */
		35C1033D1A9BB8620020161B /* PBXContainerItemProxy */ = {
			isa = PBXContainerItemProxy;
			containerPortal = 35C1031B1A9BB8620020161B /* Project object */;
			proxyType = 1;
			remoteGlobalIDString = 35C103221A9BB8620020161B;
			remoteInfo = GCLibrary;
		};
/* End PBXContainerItemProxy section */

/* Begin PBXFileReference section */
		35C103231A9BB8620020161B /* GCLibrary.app */ = {isa = PBXFileReference; explicitFileType = wrapper.application; includeInIndex = 0; path = GCLibrary.app; sourceTree = BUILT_PRODUCTS_DIR; };
		35C103271A9BB8620020161B /* Info.plist */ = {isa = PBXFileReference; lastKnownFileType = text.plist.xml; path = Info.plist; sourceTree = "<group>"; };
		35C103281A9BB8620020161B /* main.m */ = {isa = PBXFileReference; lastKnownFileType = sourcecode.c.objc; path = main.m; sourceTree = "<group>"; };
		35C1032A1A9BB8620020161B /* AppDelegate.h */ = {isa = PBXFileReference; lastKnownFileType = sourcecode.c.h; path = AppDelegate.h; sourceTree = "<group>"; };
		35C1032B1A9BB8620020161B /* AppDelegate.m */ = {isa = PBXFileReference; lastKnownFileType = sourcecode.c.objc; path = AppDelegate.m; sourceTree = "<group>"; };
		35C1032D1A9BB8620020161B /* ViewController.h */ = {isa = PBXFileReference; lastKnownFileType = sourcecode.c.h; path = ViewController.h; sourceTree = "<group>"; };
		35C1032E1A9BB8620020161B /* ViewController.m */ = {isa = PBXFileReference; lastKnownFileType = sourcecode.c.objc; path = ViewController.m; sourceTree = "<group>"; };
		35C103311A9BB8620020161B /* Base */ = {isa = PBXFileReference; lastKnownFileType = file.storyboard; name = Base; path = Base.lproj/Main.storyboard; sourceTree = "<group>"; };
		35C103331A9BB8620020161B /* Images.xcassets */ = {isa = PBXFileReference; lastKnownFileType = folder.assetcatalog; path = Images.xcassets; sourceTree = "<group>"; };
		35C103361A9BB8620020161B /* Base */ = {isa = PBXFileReference; lastKnownFileType = file.xib; name = Base; path = Base.lproj/LaunchScreen.xib; sourceTree = "<group>"; };
		35C1033C1A9BB8620020161B /* GCLibraryTests.xctest */ = {isa = PBXFileReference; explicitFileType = wrapper.cfbundle; includeInIndex = 0; path = GCLibraryTests.xctest; sourceTree = BUILT_PRODUCTS_DIR; };
		35C103411A9BB8620020161B /* Info.plist */ = {isa = PBXFileReference; lastKnownFileType = text.plist.xml; path = Info.plist; sourceTree = "<group>"; };
		35C103421A9BB8620020161B /* GCLibraryTests.m */ = {isa = PBXFileReference; lastKnownFileType = sourcecode.c.objc; path = GCLibraryTests.m; sourceTree = "<group>"; };
/* End PBXFileReference section */

/* Begin PBXFrameworksBuildPhase section */
		35C103201A9BB8620020161B /* Frameworks */ = {
			isa = PBXFrameworksBuildPhase;
			buildActionMask = 2147483647;
			files = (
			);
			runOnlyForDeploymentPostprocessing = 0;
		};
		35C103391A9BB8620020161B /* Frameworks */ = {
			isa = PBXFrameworksBuildPhase;
			buildActionMask = 2147483647;
			files = (
			);
			runOnlyForDeploymentPostprocessing = 0;
		};
/* End PBXFrameworksBuildPhase section */

/* Begin PBXGroup section */
		35C1031A1A9BB8620020161B = {
			isa = PBXGroup;
			children = (
				35C103251A9BB8620020161B /* GCLibrary */,
				35C1033F1A9BB8620020161B /* GCLibraryTests */,
				35C103241A9BB8620020161B /* Products */,
			);
			sourceTree = "<group>";
		};
		35C103241A9BB8620020161B /* Products */ = {
			isa = PBXGroup;
			children = (
				35C103231A9BB8620020161B /* GCLibrary.app */,
				35C1033C1A9BB8620020161B /* GCLibraryTests.xctest */,
			);
			name = Products;
			sourceTree = "<group>";
		};
		35C103251A9BB8620020161B /* GCLibrary */ = {
			isa = PBXGroup;
			children = (
				35C1032A1A9BB8620020161B /* AppDelegate.h */,
				35C1032B1A9BB8620020161B /* AppDelegate.m */,
				35C1032D1A9BB8620020161B /* ViewController.h */,
				35C1032E1A9BB8620020161B /* ViewController.m */,
				35C103301A9BB8620020161B /* Main.storyboard */,
				35C103331A9BB8620020161B /* Images.xcassets */,
				35C103351A9BB8620020161B /* LaunchScreen.xib */,
				35C103261A9BB8620020161B /* Supporting Files */,
			);
			path = GCLibrary;
			sourceTree = "<group>";
		};
		35C103261A9BB8620020161B /* Supporting Files */ = {
			isa = PBXGroup;
			children = (
				35C103271A9BB8620020161B /* Info.plist */,
				35C103281A9BB8620020161B /* main.m */,
			);
			name = "Supporting Files";
			sourceTree = "<group>";
		};
		35C1033F1A9BB8620020161B /* GCLibraryTests */ = {
			isa = PBXGroup;
			children = (
				35C103421A9BB8620020161B /* GCLibraryTests.m */,
				35C103401A9BB8620020161B /* Supporting Files */,
			);
			path = GCLibraryTests;
			sourceTree = "<group>";
		};
		35C103401A9BB8620020161B /* Supporting Files */ = {
			isa = PBXGroup;
			children = (
				35C103411A9BB8620020161B /* Info.plist */,
			);
			name = "Supporting Files";
			sourceTree = "<group>";
		};
/* End PBXGroup section */

/* Begin PBXNativeTarget section */
		35C103221A9BB8620020161B /* GCLibrary */ = {
			isa = PBXNativeTarget;
			buildConfigurationList = 35C103461A9BB8620020161B /* Build configuration list for PBXNativeTarget "GCLibrary" */;
			buildPhases = (
				35C1031F1A9BB8620020161B /* Sources */,
				35C103201A9BB8620020161B /* Frameworks */,
				35C103211A9BB8620020161B /* Resources */,
			);
			buildRules = (
			);
			dependencies = (
			);
			name = GCLibrary;
			productName = GCLibrary;
			productReference = 35C103231A9BB8620020161B /* GCLibrary.app */;
			productType = "com.apple.product-type.application";
		};
		35C1033B1A9BB8620020161B /* GCLibraryTests */ = {
			isa = PBXNativeTarget;
			buildConfigurationList = 35C103491A9BB8620020161B /* Build configuration list for PBXNativeTarget "GCLibraryTests" */;
			buildPhases = (
				35C103381A9BB8620020161B /* Sources */,
				35C103391A9BB8620020161B /* Frameworks */,
				35C1033A1A9BB8620020161B /* Resources */,
			);
			buildRules = (
			);
			dependencies = (
				35C1033E1A9BB8620020161B /* PBXTargetDependency */,
			);
			name = GCLibraryTests;
			productName = GCLibraryTests;
			productReference = 35C1033C1A9BB8620020161B /* GCLibraryTests.xctest */;
			productType = "com.apple.product-type.bundle.unit-test";
		};
/* End PBXNativeTarget section */

/* Begin PBXProject section */
		35C1031B1A9BB8620020161B /* Project object */ = {
			isa = PBXProject;
			attributes = {
				LastUpgradeCheck = 0610;
				ORGANIZATIONNAME = "Gustavo Couto";
				TargetAttributes = {
					35C103221A9BB8620020161B = {
						CreatedOnToolsVersion = 6.1.1;
					};
					35C1033B1A9BB8620020161B = {
						CreatedOnToolsVersion = 6.1.1;
						TestTargetID = 35C103221A9BB8620020161B;
					};
				};
			};
			buildConfigurationList = 35C1031E1A9BB8620020161B /* Build configuration list for PBXProject "GCLibrary" */;
			compatibilityVersion = "Xcode 3.2";
			developmentRegion = English;
			hasScannedForEncodings = 0;
			knownRegions = (
				en,
				Base,
			);
			mainGroup = 35C1031A1A9BB8620020161B;
			productRefGroup = 35C103241A9BB8620020161B /* Products */;
			projectDirPath = "";
			projectRoot = "";
			targets = (
				35C103221A9BB8620020161B /* GCLibrary */,
				35C1033B1A9BB8620020161B /* GCLibraryTests */,
			);
		};
/* End PBXProject section */

/* Begin PBXResourcesBuildPhase section */
		35C103211A9BB8620020161B /* Resources */ = {
			isa = PBXResourcesBuildPhase;
			buildActionMask = 2147483647;
			files = (
				35C103321A9BB8620020161B /* Main.storyboard in Resources */,
				35C103371A9BB8620020161B /* LaunchScreen.xib in Resources */,
				35C103341A9BB8620020161B /* Images.xcassets in Resources */,
			);
			runOnlyForDeploymentPostprocessing = 0;
		};
		35C1033A1A9BB8620020161B /* Resources */ = {
			isa = PBXResourcesBuildPhase;
			buildActionMask = 2147483647;
			files = (
			);
			runOnlyForDeploymentPostprocessing = 0;
		};
/* End PBXResourcesBuildPhase section */

/* Begin PBXSourcesBuildPhase section */
		35C1031F1A9BB8620020161B /* Sources */ = {
			isa = PBXSourcesBuildPhase;
			buildActionMask = 2147483647;
			files = (
				35C1032F1A9BB8620020161B /* ViewController.m in Sources */,
				35C1032C1A9BB8620020161B /* AppDelegate.m in Sources */,
				35C103291A9BB8620020161B /* main.m in Sources */,
			);
			runOnlyForDeploymentPostprocessing = 0;
		};
		35C103381A9BB8620020161B /* Sources */ = {
			isa = PBXSourcesBuildPhase;
			buildActionMask = 2147483647;
			files = (
				35C103431A9BB8620020161B /* GCLibraryTests.m in Sources */,
			);
			runOnlyForDeploymentPostprocessing = 0;
		};
/* End PBXSourcesBuildPhase section */

/* Begin PBXTargetDependency section */
		35C1033E1A9BB8620020161B /* PBXTargetDependency */ = {
			isa = PBXTargetDependency;
			target = 35C103221A9BB8620020161B /* GCLibrary */;
			targetProxy = 35C1033D1A9BB8620020161B /* PBXContainerItemProxy */;
		};
/* End PBXTargetDependency section */

/* Begin PBXVariantGroup section */
		35C103301A9BB8620020161B /* Main.storyboard */ = {
			isa = PBXVariantGroup;
			children = (
				35C103311A9BB8620020161B /* Base */,
			);
			name = Main.storyboard;
			sourceTree = "<group>";
		};
		35C103351A9BB8620020161B /* LaunchScreen.xib */ = {
			isa = PBXVariantGroup;
			children = (
				35C103361A9BB8620020161B /* Base */,
			);
			name = LaunchScreen.xib;
			sourceTree = "<group>";
		};
/* End PBXVariantGroup section */

/* Begin XCBuildConfiguration section */
		35C103441A9BB8620020161B /* Debug */ = {
			isa = XCBuildConfiguration;
			buildSettings = {
				ALWAYS_SEARCH_USER_PATHS = NO;
				CLANG_CXX_LANGUAGE_STANDARD = "gnu++0x";
				CLANG_CXX_LIBRARY = "libc++";
				CLANG_ENABLE_MODULES = YES;
				CLANG_ENABLE_OBJC_ARC = YES;
				CLANG_WARN_BOOL_CONVERSION = YES;
				CLANG_WARN_CONSTANT_CONVERSION = YES;
				CLANG_WARN_DIRECT_OBJC_ISA_USAGE = YES_ERROR;
				CLANG_WARN_EMPTY_BODY = YES;
				CLANG_WARN_ENUM_CONVERSION = YES;
				CLANG_WARN_INT_CONVERSION = YES;
				CLANG_WARN_OBJC_ROOT_CLASS = YES_ERROR;
				CLANG_WARN_UNREACHABLE_CODE = YES;
				CLANG_WARN__DUPLICATE_METHOD_MATCH = YES;
				"CODE_SIGN_IDENTITY[sdk=iphoneos*]" = "iPhone Developer";
				COPY_PHASE_STRIP = NO;
				ENABLE_STRICT_OBJC_MSGSEND = YES;
				GCC_C_LANGUAGE_STANDARD = gnu99;
				GCC_DYNAMIC_NO_PIC = NO;
				GCC_OPTIMIZATION_LEVEL = 0;
				GCC_PREPROCESSOR_DEFINITIONS = (
					"DEBUG=1",
					"$(inherited)",
				);
				GCC_SYMBOLS_PRIVATE_EXTERN = NO;
				GCC_WARN_64_TO_32_BIT_CONVERSION = YES;
				GCC_WARN_ABOUT_RETURN_TYPE = YES_ERROR;
				GCC_WARN_UNDECLARED_SELECTOR = YES;
				GCC_WARN_UNINITIALIZED_AUTOS = YES_AGGRESSIVE;
				GCC_WARN_UNUSED_FUNCTION = YES;
				GCC_WARN_UNUSED_VARIABLE = YES;
				IPHONEOS_DEPLOYMENT_TARGET = 8.1;
				MTL_ENABLE_DEBUG_INFO = YES;
				ONLY_ACTIVE_ARCH = YES;
				SDKROOT = iphoneos;
			};
			name = Debug;
		};
		35C103451A9BB8620020161B /* Release */ = {
			isa = XCBuildConfiguration;
			buildSettings = {
				ALWAYS_SEARCH_USER_PATHS = NO;
				CLANG_CXX_LANGUAGE_STANDARD = "gnu++0x";
				CLANG_CXX_LIBRARY = "libc++";
				CLANG_ENABLE_MODULES = YES;
				CLANG_ENABLE_OBJC_ARC = YES;
				CLANG_WARN_BOOL_CONVERSION = YES;
				CLANG_WARN_CONSTANT_CONVERSION = YES;
				CLANG_WARN_DIRECT_OBJC_ISA_USAGE = YES_ERROR;
				CLANG_WARN_EMPTY_BODY = YES;
				CLANG_WARN_ENUM_CONVERSION = YES;
				CLANG_WARN_INT_CONVERSION = YES;
				CLANG_WARN_OBJC_ROOT_CLASS = YES_ERROR;
				CLANG_WARN_UNREACHABLE_CODE = YES;
				CLANG_WARN__DUPLICATE_METHOD_MATCH = YES;
				"CODE_SIGN_IDENTITY[sdk=iphoneos*]" = "iPhone Developer";
				COPY_PHASE_STRIP = YES;
				ENABLE_NS_ASSERTIONS = NO;
				ENABLE_STRICT_OBJC_MSGSEND = YES;
				GCC_C_LANGUAGE_STANDARD = gnu99;
				GCC_WARN_64_TO_32_BIT_CONVERSION = YES;
				GCC_WARN_ABOUT_RETURN_TYPE = YES_ERROR;
				GCC_WARN_UNDECLARED_SELECTOR = YES;
				GCC_WARN_UNINITIALIZED_AUTOS = YES_AGGRESSIVE;
				GCC_WARN_UNUSED_FUNCTION = YES;
				GCC_WARN_UNUSED_VARIABLE = YES;
				IPHONEOS_DEPLOYMENT_TARGET = 8.1;
				MTL_ENABLE_DEBUG_INFO = NO;
				SDKROOT = iphoneos;
				VALIDATE_PRODUCT = YES;
			};
			name = Release;
		};
		35C103471A9BB8620020161B /* Debug */ = {
			isa = XCBuildConfiguration;
			buildSettings = {
				ASSETCATALOG_COMPILER_APPICON_NAME = AppIcon;
				INFOPLIST_FILE = GCLibrary/Info.plist;
				LD_RUNPATH_SEARCH_PATHS = "$(inherited) @executable_path/Frameworks";
				PRODUCT_NAME = "$(TARGET_NAME)";
			};
			name = Debug;
		};
		35C103481A9BB8620020161B /* Release */ = {
			isa = XCBuildConfiguration;
			buildSettings = {
				ASSETCATALOG_COMPILER_APPICON_NAME = AppIcon;
				INFOPLIST_FILE = GCLibrary/Info.plist;
				LD_RUNPATH_SEARCH_PATHS = "$(inherited) @executable_path/Frameworks";
				PRODUCT_NAME = "$(TARGET_NAME)";
			};
			name = Release;
		};
		35C1034A1A9BB8620020161B /* Debug */ = {
			isa = XCBuildConfiguration;
			buildSettings = {
				BUNDLE_LOADER = "$(TEST_HOST)";
				FRAMEWORK_SEARCH_PATHS = (
					"$(SDKROOT)/Developer/Library/Frameworks",
					"$(inherited)",
				);
				GCC_PREPROCESSOR_DEFINITIONS = (
					"DEBUG=1",
					"$(inherited)",
				);
				INFOPLIST_FILE = GCLibraryTests/Info.plist;
				LD_RUNPATH_SEARCH_PATHS = "$(inherited) @executable_path/Frameworks @loader_path/Frameworks";
				PRODUCT_NAME = "$(TARGET_NAME)";
				TEST_HOST = "$(BUILT_PRODUCTS_DIR)/GCLibrary.app/GCLibrary";
			};
			name = Debug;
		};
		35C1034B1A9BB8620020161B /* Release */ = {
			isa = XCBuildConfiguration;
			buildSettings = {
				BUNDLE_LOADER = "$(TEST_HOST)";
				FRAMEWORK_SEARCH_PATHS = (
					"$(SDKROOT)/Developer/Library/Frameworks",
					"$(inherited)",
				);
				INFOPLIST_FILE = GCLibraryTests/Info.plist;
				LD_RUNPATH_SEARCH_PATHS = "$(inherited) @executable_path/Frameworks @loader_path/Frameworks";
				PRODUCT_NAME = "$(TARGET_NAME)";
				TEST_HOST = "$(BUILT_PRODUCTS_DIR)/GCLibrary.app/GCLibrary";
			};
			name = Release;
		};
/* End XCBuildConfiguration section */

/* Begin XCConfigurationList section */
		35C1031E1A9BB8620020161B /* Build configuration list for PBXProject "GCLibrary" */ = {
			isa = XCConfigurationList;
			buildConfigurations = (
				35C103441A9BB8620020161B /* Debug */,
				35C103451A9BB8620020161B /* Release */,
			);
			defaultConfigurationIsVisible = 0;
			defaultConfigurationName = Release;
		};
		35C103461A9BB8620020161B /* Build configuration list for PBXNativeTarget "GCLibrary" */ = {
			isa = XCConfigurationList;
			buildConfigurations = (
				35C103471A9BB8620020161B /* Debug */,
				35C103481A9BB8620020161B /* Release */,
			);
			defaultConfigurationIsVisible = 0;
		};
		35C103491A9BB8620020161B /* Build configuration list for PBXNativeTarget "GCLibraryTests" */ = {
			isa = XCConfigurationList;
			buildConfigurations = (
				35C1034A1A9BB8620020161B /* Debug */,
				35C1034B1A9BB8620020161B /* Release */,
			);
			defaultConfigurationIsVisible = 0;
		};
/* End XCConfigurationList section */
	};
	rootObject = 35C1031B1A9BB8620020161B /* Project object */;
}
